
Microsoft Visual Studio Solution File, Format Version 12.00
# Visual Studio Version 17
VisualStudioVersion = 17.10.34916.146
MinimumVisualStudioVersion = 10.0.40219.1
Project("{FAE04EC0-301F-11D3-BF4B-00C04F79EFBC}") = "INFOPonto", "INFOPonto\INFOPonto.csproj", "{AC41B3CA-9120-42AB-A8FD-BF26BEAC9F0F}"
EndProject
Global
	GlobalSection(SolutionConfigurationPlatforms) = preSolution
		Debug|Any CPU = Debug|Any CPU
		Release|Any CPU = Release|Any CPU
	EndGlobalSection
	GlobalSection(ProjectConfigurationPlatforms) = postSolution
		{AC41B3CA-9120-42AB-A8FD-BF26BEAC9F0F}.Debug|Any CPU.ActiveCfg = Debug|Any CPU
		{AC41B3CA-9120-42AB-A8FD-BF26BEAC9F0F}.Debug|Any CPU.Build.0 = Debug|Any CPU
		{AC41B3CA-9120-42AB-A8FD-BF26BEAC9F0F}.Release|Any CPU.ActiveCfg = Release|Any CPU
		{AC41B3CA-9120-42AB-A8FD-BF26BEAC9F0F}.Release|Any CPU.Build.0 = Release|Any CPU
	EndGlobalSection
	GlobalSection(SolutionProperties) = preSolution
		HideSolutionNode = FALSE
	EndGlobalSection
	GlobalSection(ExtensibilityGlobals) = postSolution
		SolutionGuid = {492E3B98-F194-4090-910A-141DF7812CAB}
	EndGlobalSection
EndGlobal
